
Microsoft Visual Studio Solution File, Format Version 12.00
# Visual Studio Version 17
VisualStudioVersion = 17.8.34511.84
MinimumVisualStudioVersion = 10.0.40219.1
Project("{FAE04EC0-301F-11D3-BF4B-00C04F79EFBC}") = "project", "project.csproj", "{26DF03A4-0A4A-4427-967B-3F0163CC1086}"
EndProject
Global
	GlobalSection(SolutionConfigurationPlatforms) = preSolution
		Debug|Any CPU = Debug|Any CPU
		Release|Any CPU = Release|Any CPU
	EndGlobalSection
	GlobalSection(ProjectConfigurationPlatforms) = postSolution
		{26DF03A4-0A4A-4427-967B-3F0163CC1086}.Debug|Any CPU.ActiveCfg = Debug|Any CPU
		{26DF03A4-0A4A-4427-967B-3F0163CC1086}.Debug|Any CPU.Build.0 = Debug|Any CPU
		{26DF03A4-0A4A-4427-967B-3F0163CC1086}.Release|Any CPU.ActiveCfg = Release|Any CPU
		{26DF03A4-0A4A-4427-967B-3F0163CC1086}.Release|Any CPU.Build.0 = Release|Any CPU
	EndGlobalSection
	GlobalSection(SolutionProperties) = preSolution
		HideSolutionNode = FALSE
	EndGlobalSection
	GlobalSection(ExtensibilityGlobals) = postSolution
		SolutionGuid = {C89B3E86-DAA8-4687-969A-5F368A398B6E}
	EndGlobalSection
EndGlobal
